// !$*UTF8*$!
{
	archiveVersion = 1;
	classes = {
	};
	objectVersion = 55;
	objects = {

/* Begin PBXBuildFile section */
		D01671632771074F008E0337 /* ProductListViewController.swift in Sources */ = {isa = PBXBuildFile; fileRef = D01671622771074F008E0337 /* ProductListViewController.swift */; };
		D016716527710C8C008E0337 /* ProductDetailsTableViewCell.swift in Sources */ = {isa = PBXBuildFile; fileRef = D016716427710C8C008E0337 /* ProductDetailsTableViewCell.swift */; };
		D04045CC27725DB700F6E2DA /* ProductDetailsViewController.swift in Sources */ = {isa = PBXBuildFile; fileRef = D04045CB27725DB700F6E2DA /* ProductDetailsViewController.swift */; };
		D073140527A1E62200A81E9D /* RegisterationViewController.swift in Sources */ = {isa = PBXBuildFile; fileRef = D073140427A1E62200A81E9D /* RegisterationViewController.swift */; };
		D073140727A1ED6B00A81E9D /* LoginViewController.swift in Sources */ = {isa = PBXBuildFile; fileRef = D073140627A1ED6B00A81E9D /* LoginViewController.swift */; };
		D073BF512766B1B900412E89 /* ProductCollectionViewCell.swift in Sources */ = {isa = PBXBuildFile; fileRef = D073BF502766B1B900412E89 /* ProductCollectionViewCell.swift */; };
		D0A61C69274FAAC30049000D /* AppDelegate.swift in Sources */ = {isa = PBXBuildFile; fileRef = D0A61C68274FAAC30049000D /* AppDelegate.swift */; };
		D0A61C6B274FAAC30049000D /* SceneDelegate.swift in Sources */ = {isa = PBXBuildFile; fileRef = D0A61C6A274FAAC30049000D /* SceneDelegate.swift */; };
		D0A61C6D274FAAC30049000D /* ViewController.swift in Sources */ = {isa = PBXBuildFile; fileRef = D0A61C6C274FAAC30049000D /* ViewController.swift */; };
		D0A61C70274FAAC30049000D /* Main.storyboard in Resources */ = {isa = PBXBuildFile; fileRef = D0A61C6E274FAAC30049000D /* Main.storyboard */; };
		D0A61C72274FAAC50049000D /* Assets.xcassets in Resources */ = {isa = PBXBuildFile; fileRef = D0A61C71274FAAC50049000D /* Assets.xcassets */; };
		D0A61C75274FAAC50049000D /* LaunchScreen.storyboard in Resources */ = {isa = PBXBuildFile; fileRef = D0A61C73274FAAC50049000D /* LaunchScreen.storyboard */; };
		D0A61C80274FAAC50049000D /* EcommerceDemoTests.swift in Sources */ = {isa = PBXBuildFile; fileRef = D0A61C7F274FAAC50049000D /* EcommerceDemoTests.swift */; };
		D0A61C8A274FAAC50049000D /* EcommerceDemoUITests.swift in Sources */ = {isa = PBXBuildFile; fileRef = D0A61C89274FAAC50049000D /* EcommerceDemoUITests.swift */; };
		D0A61C8C274FAAC50049000D /* EcommerceDemoUITestsLaunchTests.swift in Sources */ = {isa = PBXBuildFile; fileRef = D0A61C8B274FAAC50049000D /* EcommerceDemoUITestsLaunchTests.swift */; };
		D0A61C99274FACAF0049000D /* EcommerceJson.json in Resources */ = {isa = PBXBuildFile; fileRef = D0A61C98274FACAF0049000D /* EcommerceJson.json */; };
		D0A61C9C274FC63F0049000D /* ProductsTableViewCell.swift in Sources */ = {isa = PBXBuildFile; fileRef = D0A61C9B274FC63F0049000D /* ProductsTableViewCell.swift */; };
		D0A61C9F274FC87B0049000D /* ProductModel.swift in Sources */ = {isa = PBXBuildFile; fileRef = D0A61C9E274FC87B0049000D /* ProductModel.swift */; };
		D0E99C91279343D5004E5ED3 /* DataModel.xcdatamodeld in Sources */ = {isa = PBXBuildFile; fileRef = D0E99C8F279343D5004E5ED3 /* DataModel.xcdatamodeld */; };
/* End PBXBuildFile section */

/* Begin PBXContainerItemProxy section */
		D0A61C7C274FAAC50049000D /* PBXContainerItemProxy */ = {
			isa = PBXContainerItemProxy;
			containerPortal = D0A61C5D274FAAC30049000D /* Project object */;
			proxyType = 1;
			remoteGlobalIDString = D0A61C64274FAAC30049000D;
			remoteInfo = EcommerceDemo;
		};
		D0A61C86274FAAC50049000D /* PBXContainerItemProxy */ = {
			isa = PBXContainerItemProxy;
			containerPortal = D0A61C5D274FAAC30049000D /* Project object */;
			proxyType = 1;
			remoteGlobalIDString = D0A61C64274FAAC30049000D;
			remoteInfo = EcommerceDemo;
		};
/* End PBXContainerItemProxy section */

/* Begin PBXFileReference section */
		D01671622771074F008E0337 /* ProductListViewController.swift */ = {isa = PBXFileReference; lastKnownFileType = sourcecode.swift; path = ProductListViewController.swift; sourceTree = "<group>"; };
		D016716427710C8C008E0337 /* ProductDetailsTableViewCell.swift */ = {isa = PBXFileReference; lastKnownFileType = sourcecode.swift; path = ProductDetailsTableViewCell.swift; sourceTree = "<group>"; };
		D04045CB27725DB700F6E2DA /* ProductDetailsViewController.swift */ = {isa = PBXFileReference; lastKnownFileType = sourcecode.swift; path = ProductDetailsViewController.swift; sourceTree = "<group>"; };
		D073140427A1E62200A81E9D /* RegisterationViewController.swift */ = {isa = PBXFileReference; lastKnownFileType = sourcecode.swift; path = RegisterationViewController.swift; sourceTree = "<group>"; };
		D073140627A1ED6B00A81E9D /* LoginViewController.swift */ = {isa = PBXFileReference; lastKnownFileType = sourcecode.swift; path = LoginViewController.swift; sourceTree = "<group>"; };
		D073BF502766B1B900412E89 /* ProductCollectionViewCell.swift */ = {isa = PBXFileReference; lastKnownFileType = sourcecode.swift; path = ProductCollectionViewCell.swift; sourceTree = "<group>"; };
		D0A61C65274FAAC30049000D /* EcommerceDemo.app */ = {isa = PBXFileReference; explicitFileType = wrapper.application; includeInIndex = 0; path = EcommerceDemo.app; sourceTree = BUILT_PRODUCTS_DIR; };
		D0A61C68274FAAC30049000D /* AppDelegate.swift */ = {isa = PBXFileReference; lastKnownFileType = sourcecode.swift; path = AppDelegate.swift; sourceTree = "<group>"; };
		D0A61C6A274FAAC30049000D /* SceneDelegate.swift */ = {isa = PBXFileReference; lastKnownFileType = sourcecode.swift; path = SceneDelegate.swift; sourceTree = "<group>"; };
		D0A61C6C274FAAC30049000D /* ViewController.swift */ = {isa = PBXFileReference; lastKnownFileType = sourcecode.swift; path = ViewController.swift; sourceTree = "<group>"; };
		D0A61C6F274FAAC30049000D /* Base */ = {isa = PBXFileReference; lastKnownFileType = file.storyboard; name = Base; path = Base.lproj/Main.storyboard; sourceTree = "<group>"; };
		D0A61C71274FAAC50049000D /* Assets.xcassets */ = {isa = PBXFileReference; lastKnownFileType = folder.assetcatalog; path = Assets.xcassets; sourceTree = "<group>"; };
		D0A61C74274FAAC50049000D /* Base */ = {isa = PBXFileReference; lastKnownFileType = file.storyboard; name = Base; path = Base.lproj/LaunchScreen.storyboard; sourceTree = "<group>"; };
		D0A61C76274FAAC50049000D /* Info.plist */ = {isa = PBXFileReference; lastKnownFileType = text.plist.xml; path = Info.plist; sourceTree = "<group>"; };
		D0A61C7B274FAAC50049000D /* EcommerceDemoTests.xctest */ = {isa = PBXFileReference; explicitFileType = wrapper.cfbundle; includeInIndex = 0; path = EcommerceDemoTests.xctest; sourceTree = BUILT_PRODUCTS_DIR; };
		D0A61C7F274FAAC50049000D /* EcommerceDemoTests.swift */ = {isa = PBXFileReference; lastKnownFileType = sourcecode.swift; path = EcommerceDemoTests.swift; sourceTree = "<group>"; };
		D0A61C85274FAAC50049000D /* EcommerceDemoUITests.xctest */ = {isa = PBXFileReference; explicitFileType = wrapper.cfbundle; includeInIndex = 0; path = EcommerceDemoUITests.xctest; sourceTree = BUILT_PRODUCTS_DIR; };
		D0A61C89274FAAC50049000D /* EcommerceDemoUITests.swift */ = {isa = PBXFileReference; lastKnownFileType = sourcecode.swift; path = EcommerceDemoUITests.swift; sourceTree = "<group>"; };
		D0A61C8B274FAAC50049000D /* EcommerceDemoUITestsLaunchTests.swift */ = {isa = PBXFileReference; lastKnownFileType = sourcecode.swift; path = EcommerceDemoUITestsLaunchTests.swift; sourceTree = "<group>"; };
		D0A61C98274FACAF0049000D /* EcommerceJson.json */ = {isa = PBXFileReference; fileEncoding = 4; lastKnownFileType = text.json; name = EcommerceJson.json; path = ../../../EcommerceDemoView/CollectionViewInsideTableView/EcommerceUI/EcommerceUI/EcommerceJson.json; sourceTree = "<group>"; };
		D0A61C9B274FC63F0049000D /* ProductsTableViewCell.swift */ = {isa = PBXFileReference; lastKnownFileType = sourcecode.swift; path = ProductsTableViewCell.swift; sourceTree = "<group>"; };
		D0A61C9E274FC87B0049000D /* ProductModel.swift */ = {isa = PBXFileReference; lastKnownFileType = sourcecode.swift; path = ProductModel.swift; sourceTree = "<group>"; };
		D0E99C90279343D5004E5ED3 /* Model.xcdatamodel */ = {isa = PBXFileReference; lastKnownFileType = wrapper.xcdatamodel; path = Model.xcdatamodel; sourceTree = "<group>"; };
/* End PBXFileReference section */

/* Begin PBXFrameworksBuildPhase section */
		D0A61C62274FAAC30049000D /* Frameworks */ = {
			isa = PBXFrameworksBuildPhase;
			buildActionMask = 2147483647;
			files = (
			);
			runOnlyForDeploymentPostprocessing = 0;
		};
		D0A61C78274FAAC50049000D /* Frameworks */ = {
			isa = PBXFrameworksBuildPhase;
			buildActionMask = 2147483647;
			files = (
			);
			runOnlyForDeploymentPostprocessing = 0;
		};
		D0A61C82274FAAC50049000D /* Frameworks */ = {
			isa = PBXFrameworksBuildPhase;
			buildActionMask = 2147483647;
			files = (
			);
			runOnlyForDeploymentPostprocessing = 0;
		};
/* End PBXFrameworksBuildPhase section */

/* Begin PBXGroup section */
		D0A61C5C274FAAC30049000D = {
			isa = PBXGroup;
			children = (
				D04045CB27725DB700F6E2DA /* ProductDetailsViewController.swift */,
				D0A61C67274FAAC30049000D /* EcommerceDemo */,
				D0A61C7E274FAAC50049000D /* EcommerceDemoTests */,
				D0A61C88274FAAC50049000D /* EcommerceDemoUITests */,
				D0A61C66274FAAC30049000D /* Products */,
			);
			sourceTree = "<group>";
		};
		D0A61C66274FAAC30049000D /* Products */ = {
			isa = PBXGroup;
			children = (
				D0A61C65274FAAC30049000D /* EcommerceDemo.app */,
				D0A61C7B274FAAC50049000D /* EcommerceDemoTests.xctest */,
				D0A61C85274FAAC50049000D /* EcommerceDemoUITests.xctest */,
			);
			name = Products;
			sourceTree = "<group>";
		};
		D0A61C67274FAAC30049000D /* EcommerceDemo */ = {
			isa = PBXGroup;
			children = (
				D0A61C9D274FC8630049000D /* Models */,
				D0A61C9A274FC5F10049000D /* Cells */,
				D0A61C98274FACAF0049000D /* EcommerceJson.json */,
				D0A61C68274FAAC30049000D /* AppDelegate.swift */,
				D0A61C6A274FAAC30049000D /* SceneDelegate.swift */,
				D0A61C6C274FAAC30049000D /* ViewController.swift */,
				D0A61C6E274FAAC30049000D /* Main.storyboard */,
				D0A61C71274FAAC50049000D /* Assets.xcassets */,
				D0A61C73274FAAC50049000D /* LaunchScreen.storyboard */,
				D0A61C76274FAAC50049000D /* Info.plist */,
				D01671622771074F008E0337 /* ProductListViewController.swift */,
				D0E99C8F279343D5004E5ED3 /* DataModel.xcdatamodeld */,
				D073140427A1E62200A81E9D /* RegisterationViewController.swift */,
				D073140627A1ED6B00A81E9D /* LoginViewController.swift */,
			);
			path = EcommerceDemo;
			sourceTree = "<group>";
		};
		D0A61C7E274FAAC50049000D /* EcommerceDemoTests */ = {
			isa = PBXGroup;
			children = (
				D0A61C7F274FAAC50049000D /* EcommerceDemoTests.swift */,
			);
			path = EcommerceDemoTests;
			sourceTree = "<group>";
		};
		D0A61C88274FAAC50049000D /* EcommerceDemoUITests */ = {
			isa = PBXGroup;
			children = (
				D0A61C89274FAAC50049000D /* EcommerceDemoUITests.swift */,
				D0A61C8B274FAAC50049000D /* EcommerceDemoUITestsLaunchTests.swift */,
			);
			path = EcommerceDemoUITests;
			sourceTree = "<group>";
		};
		D0A61C9A274FC5F10049000D /* Cells */ = {
			isa = PBXGroup;
			children = (
				D0A61C9B274FC63F0049000D /* ProductsTableViewCell.swift */,
				D073BF502766B1B900412E89 /* ProductCollectionViewCell.swift */,
				D016716427710C8C008E0337 /* ProductDetailsTableViewCell.swift */,
			);
			path = Cells;
			sourceTree = "<group>";
		};
		D0A61C9D274FC8630049000D /* Models */ = {
			isa = PBXGroup;
			children = (
				D0A61C9E274FC87B0049000D /* ProductModel.swift */,
			);
			path = Models;
			sourceTree = "<group>";
		};
/* End PBXGroup section */

/* Begin PBXNativeTarget section */
		D0A61C64274FAAC30049000D /* EcommerceDemo */ = {
			isa = PBXNativeTarget;
			buildConfigurationList = D0A61C8F274FAAC50049000D /* Build configuration list for PBXNativeTarget "EcommerceDemo" */;
			buildPhases = (
				D0A61C61274FAAC30049000D /* Sources */,
				D0A61C62274FAAC30049000D /* Frameworks */,
				D0A61C63274FAAC30049000D /* Resources */,
			);
			buildRules = (
			);
			dependencies = (
			);
			name = EcommerceDemo;
			productName = EcommerceDemo;
			productReference = D0A61C65274FAAC30049000D /* EcommerceDemo.app */;
			productType = "com.apple.product-type.application";
		};
		D0A61C7A274FAAC50049000D /* EcommerceDemoTests */ = {
			isa = PBXNativeTarget;
			buildConfigurationList = D0A61C92274FAAC50049000D /* Build configuration list for PBXNativeTarget "EcommerceDemoTests" */;
			buildPhases = (
				D0A61C77274FAAC50049000D /* Sources */,
				D0A61C78274FAAC50049000D /* Frameworks */,
				D0A61C79274FAAC50049000D /* Resources */,
			);
			buildRules = (
			);
			dependencies = (
				D0A61C7D274FAAC50049000D /* PBXTargetDependency */,
			);
			name = EcommerceDemoTests;
			productName = EcommerceDemoTests;
			productReference = D0A61C7B274FAAC50049000D /* EcommerceDemoTests.xctest */;
			productType = "com.apple.product-type.bundle.unit-test";
		};
		D0A61C84274FAAC50049000D /* EcommerceDemoUITests */ = {
			isa = PBXNativeTarget;
			buildConfigurationList = D0A61C95274FAAC50049000D /* Build configuration list for PBXNativeTarget "EcommerceDemoUITests" */;
			buildPhases = (
				D0A61C81274FAAC50049000D /* Sources */,
				D0A61C82274FAAC50049000D /* Frameworks */,
				D0A61C83274FAAC50049000D /* Resources */,
			);
			buildRules = (
			);
			dependencies = (
				D0A61C87274FAAC50049000D /* PBXTargetDependency */,
			);
			name = EcommerceDemoUITests;
			productName = EcommerceDemoUITests;
			productReference = D0A61C85274FAAC50049000D /* EcommerceDemoUITests.xctest */;
			productType = "com.apple.product-type.bundle.ui-testing";
		};
/* End PBXNativeTarget section */

/* Begin PBXProject section */
		D0A61C5D274FAAC30049000D /* Project object */ = {
			isa = PBXProject;
			attributes = {
				BuildIndependentTargetsInParallel = 1;
				LastSwiftUpdateCheck = 1300;
				LastUpgradeCheck = 1300;
				TargetAttributes = {
					D0A61C64274FAAC30049000D = {
						CreatedOnToolsVersion = 13.0;
					};
					D0A61C7A274FAAC50049000D = {
						CreatedOnToolsVersion = 13.0;
						TestTargetID = D0A61C64274FAAC30049000D;
					};
					D0A61C84274FAAC50049000D = {
						CreatedOnToolsVersion = 13.0;
						TestTargetID = D0A61C64274FAAC30049000D;
					};
				};
			};
			buildConfigurationList = D0A61C60274FAAC30049000D /* Build configuration list for PBXProject "EcommerceDemo" */;
			compatibilityVersion = "Xcode 13.0";
			developmentRegion = en;
			hasScannedForEncodings = 0;
			knownRegions = (
				en,
				Base,
			);
			mainGroup = D0A61C5C274FAAC30049000D;
			productRefGroup = D0A61C66274FAAC30049000D /* Products */;
			projectDirPath = "";
			projectRoot = "";
			targets = (
				D0A61C64274FAAC30049000D /* EcommerceDemo */,
				D0A61C7A274FAAC50049000D /* EcommerceDemoTests */,
				D0A61C84274FAAC50049000D /* EcommerceDemoUITests */,
			);
		};
/* End PBXProject section */

/* Begin PBXResourcesBuildPhase section */
		D0A61C63274FAAC30049000D /* Resources */ = {
			isa = PBXResourcesBuildPhase;
			buildActionMask = 2147483647;
			files = (
				D0A61C99274FACAF0049000D /* EcommerceJson.json in Resources */,
				D0A61C75274FAAC50049000D /* LaunchScreen.storyboard in Resources */,
				D0A61C72274FAAC50049000D /* Assets.xcassets in Resources */,
				D0A61C70274FAAC30049000D /* Main.storyboard in Resources */,
			);
			runOnlyForDeploymentPostprocessing = 0;
		};
		D0A61C79274FAAC50049000D /* Resources */ = {
			isa = PBXResourcesBuildPhase;
			buildActionMask = 2147483647;
			files = (
			);
			runOnlyForDeploymentPostprocessing = 0;
		};
		D0A61C83274FAAC50049000D /* Resources */ = {
			isa = PBXResourcesBuildPhase;
			buildActionMask = 2147483647;
			files = (
			);
			runOnlyForDeploymentPostprocessing = 0;
		};
/* End PBXResourcesBuildPhase section */

/* Begin PBXSourcesBuildPhase section */
		D0A61C61274FAAC30049000D /* Sources */ = {
			isa = PBXSourcesBuildPhase;
			buildActionMask = 2147483647;
			files = (
				D073140727A1ED6B00A81E9D /* LoginViewController.swift in Sources */,
				D0A61C6D274FAAC30049000D /* ViewController.swift in Sources */,
				D0A61C9C274FC63F0049000D /* ProductsTableViewCell.swift in Sources */,
				D073140527A1E62200A81E9D /* RegisterationViewController.swift in Sources */,
				D016716527710C8C008E0337 /* ProductDetailsTableViewCell.swift in Sources */,
				D01671632771074F008E0337 /* ProductListViewController.swift in Sources */,
				D0A61C69274FAAC30049000D /* AppDelegate.swift in Sources */,
				D0A61C6B274FAAC30049000D /* SceneDelegate.swift in Sources */,
				D04045CC27725DB700F6E2DA /* ProductDetailsViewController.swift in Sources */,
				D0E99C91279343D5004E5ED3 /* DataModel.xcdatamodeld in Sources */,
				D073BF512766B1B900412E89 /* ProductCollectionViewCell.swift in Sources */,
				D0A61C9F274FC87B0049000D /* ProductModel.swift in Sources */,
			);
			runOnlyForDeploymentPostprocessing = 0;
		};
		D0A61C77274FAAC50049000D /* Sources */ = {
			isa = PBXSourcesBuildPhase;
			buildActionMask = 2147483647;
			files = (
				D0A61C80274FAAC50049000D /* EcommerceDemoTests.swift in Sources */,
			);
			runOnlyForDeploymentPostprocessing = 0;
		};
		D0A61C81274FAAC50049000D /* Sources */ = {
			isa = PBXSourcesBuildPhase;
			buildActionMask = 2147483647;
			files = (
				D0A61C8C274FAAC50049000D /* EcommerceDemoUITestsLaunchTests.swift in Sources */,
				D0A61C8A274FAAC50049000D /* EcommerceDemoUITests.swift in Sources */,
			);
			runOnlyForDeploymentPostprocessing = 0;
		};
/* End PBXSourcesBuildPhase section */

/* Begin PBXTargetDependency section */
		D0A61C7D274FAAC50049000D /* PBXTargetDependency */ = {
			isa = PBXTargetDependency;
			target = D0A61C64274FAAC30049000D /* EcommerceDemo */;
			targetProxy = D0A61C7C274FAAC50049000D /* PBXContainerItemProxy */;
		};
		D0A61C87274FAAC50049000D /* PBXTargetDependency */ = {
			isa = PBXTargetDependency;
			target = D0A61C64274FAAC30049000D /* EcommerceDemo */;
			targetProxy = D0A61C86274FAAC50049000D /* PBXContainerItemProxy */;
		};
/* End PBXTargetDependency section */

/* Begin PBXVariantGroup section */
		D0A61C6E274FAAC30049000D /* Main.storyboard */ = {
			isa = PBXVariantGroup;
			children = (
				D0A61C6F274FAAC30049000D /* Base */,
			);
			name = Main.storyboard;
			sourceTree = "<group>";
		};
		D0A61C73274FAAC50049000D /* LaunchScreen.storyboard */ = {
			isa = PBXVariantGroup;
			children = (
				D0A61C74274FAAC50049000D /* Base */,
			);
			name = LaunchScreen.storyboard;
			sourceTree = "<group>";
		};
/* End PBXVariantGroup section */

/* Begin XCBuildConfiguration section */
		D0A61C8D274FAAC50049000D /* Debug */ = {
			isa = XCBuildConfiguration;
			buildSettings = {
				ALWAYS_SEARCH_USER_PATHS = NO;
				CLANG_ANALYZER_NONNULL = YES;
				CLANG_ANALYZER_NUMBER_OBJECT_CONVERSION = YES_AGGRESSIVE;
				CLANG_CXX_LANGUAGE_STANDARD = "gnu++17";
				CLANG_CXX_LIBRARY = "libc++";
				CLANG_ENABLE_MODULES = YES;
				CLANG_ENABLE_OBJC_ARC = YES;
				CLANG_ENABLE_OBJC_WEAK = YES;
				CLANG_WARN_BLOCK_CAPTURE_AUTORELEASING = YES;
				CLANG_WARN_BOOL_CONVERSION = YES;
				CLANG_WARN_COMMA = YES;
				CLANG_WARN_CONSTANT_CONVERSION = YES;
				CLANG_WARN_DEPRECATED_OBJC_IMPLEMENTATIONS = YES;
				CLANG_WARN_DIRECT_OBJC_ISA_USAGE = YES_ERROR;
				CLANG_WARN_DOCUMENTATION_COMMENTS = YES;
				CLANG_WARN_EMPTY_BODY = YES;
				CLANG_WARN_ENUM_CONVERSION = YES;
				CLANG_WARN_INFINITE_RECURSION = YES;
				CLANG_WARN_INT_CONVERSION = YES;
				CLANG_WARN_NON_LITERAL_NULL_CONVERSION = YES;
				CLANG_WARN_OBJC_IMPLICIT_RETAIN_SELF = YES;
				CLANG_WARN_OBJC_LITERAL_CONVERSION = YES;
				CLANG_WARN_OBJC_ROOT_CLASS = YES_ERROR;
				CLANG_WARN_QUOTED_INCLUDE_IN_FRAMEWORK_HEADER = YES;
				CLANG_WARN_RANGE_LOOP_ANALYSIS = YES;
				CLANG_WARN_STRICT_PROTOTYPES = YES;
				CLANG_WARN_SUSPICIOUS_MOVE = YES;
				CLANG_WARN_UNGUARDED_AVAILABILITY = YES_AGGRESSIVE;
				CLANG_WARN_UNREACHABLE_CODE = YES;
				CLANG_WARN__DUPLICATE_METHOD_MATCH = YES;
				COPY_PHASE_STRIP = NO;
				DEBUG_INFORMATION_FORMAT = dwarf;
				ENABLE_STRICT_OBJC_MSGSEND = YES;
				ENABLE_TESTABILITY = YES;
				GCC_C_LANGUAGE_STANDARD = gnu11;
				GCC_DYNAMIC_NO_PIC = NO;
				GCC_NO_COMMON_BLOCKS = YES;
				GCC_OPTIMIZATION_LEVEL = 0;
				GCC_PREPROCESSOR_DEFINITIONS = (
					"DEBUG=1",
					"$(inherited)",
				);
				GCC_WARN_64_TO_32_BIT_CONVERSION = YES;
				GCC_WARN_ABOUT_RETURN_TYPE = YES_ERROR;
				GCC_WARN_UNDECLARED_SELECTOR = YES;
				GCC_WARN_UNINITIALIZED_AUTOS = YES_AGGRESSIVE;
				GCC_WARN_UNUSED_FUNCTION = YES;
				GCC_WARN_UNUSED_VARIABLE = YES;
				IPHONEOS_DEPLOYMENT_TARGET = 15.0;
				MTL_ENABLE_DEBUG_INFO = INCLUDE_SOURCE;
				MTL_FAST_MATH = YES;
				ONLY_ACTIVE_ARCH = YES;
				SDKROOT = iphoneos;
				SWIFT_ACTIVE_COMPILATION_CONDITIONS = DEBUG;
				SWIFT_OPTIMIZATION_LEVEL = "-Onone";
			};
			name = Debug;
		};
		D0A61C8E274FAAC50049000D /* Release */ = {
			isa = XCBuildConfiguration;
			buildSettings = {
				ALWAYS_SEARCH_USER_PATHS = NO;
				CLANG_ANALYZER_NONNULL = YES;
				CLANG_ANALYZER_NUMBER_OBJECT_CONVERSION = YES_AGGRESSIVE;
				CLANG_CXX_LANGUAGE_STANDARD = "gnu++17";
				CLANG_CXX_LIBRARY = "libc++";
				CLANG_ENABLE_MODULES = YES;
				CLANG_ENABLE_OBJC_ARC = YES;
				CLANG_ENABLE_OBJC_WEAK = YES;
				CLANG_WARN_BLOCK_CAPTURE_AUTORELEASING = YES;
				CLANG_WARN_BOOL_CONVERSION = YES;
				CLANG_WARN_COMMA = YES;
				CLANG_WARN_CONSTANT_CONVERSION = YES;
				CLANG_WARN_DEPRECATED_OBJC_IMPLEMENTATIONS = YES;
				CLANG_WARN_DIRECT_OBJC_ISA_USAGE = YES_ERROR;
				CLANG_WARN_DOCUMENTATION_COMMENTS = YES;
				CLANG_WARN_EMPTY_BODY = YES;
				CLANG_WARN_ENUM_CONVERSION = YES;
				CLANG_WARN_INFINITE_RECURSION = YES;
				CLANG_WARN_INT_CONVERSION = YES;
				CLANG_WARN_NON_LITERAL_NULL_CONVERSION = YES;
				CLANG_WARN_OBJC_IMPLICIT_RETAIN_SELF = YES;
				CLANG_WARN_OBJC_LITERAL_CONVERSION = YES;
				CLANG_WARN_OBJC_ROOT_CLASS = YES_ERROR;
				CLANG_WARN_QUOTED_INCLUDE_IN_FRAMEWORK_HEADER = YES;
				CLANG_WARN_RANGE_LOOP_ANALYSIS = YES;
				CLANG_WARN_STRICT_PROTOTYPES = YES;
				CLANG_WARN_SUSPICIOUS_MOVE = YES;
				CLANG_WARN_UNGUARDED_AVAILABILITY = YES_AGGRESSIVE;
				CLANG_WARN_UNREACHABLE_CODE = YES;
				CLANG_WARN__DUPLICATE_METHOD_MATCH = YES;
				COPY_PHASE_STRIP = NO;
				DEBUG_INFORMATION_FORMAT = "dwarf-with-dsym";
				ENABLE_NS_ASSERTIONS = NO;
				ENABLE_STRICT_OBJC_MSGSEND = YES;
				GCC_C_LANGUAGE_STANDARD = gnu11;
				GCC_NO_COMMON_BLOCKS = YES;
				GCC_WARN_64_TO_32_BIT_CONVERSION = YES;
				GCC_WARN_ABOUT_RETURN_TYPE = YES_ERROR;
				GCC_WARN_UNDECLARED_SELECTOR = YES;
				GCC_WARN_UNINITIALIZED_AUTOS = YES_AGGRESSIVE;
				GCC_WARN_UNUSED_FUNCTION = YES;
				GCC_WARN_UNUSED_VARIABLE = YES;
				IPHONEOS_DEPLOYMENT_TARGET = 15.0;
				MTL_ENABLE_DEBUG_INFO = NO;
				MTL_FAST_MATH = YES;
				SDKROOT = iphoneos;
				SWIFT_COMPILATION_MODE = wholemodule;
				SWIFT_OPTIMIZATION_LEVEL = "-O";
				VALIDATE_PRODUCT = YES;
			};
			name = Release;
		};
		D0A61C90274FAAC50049000D /* Debug */ = {
			isa = XCBuildConfiguration;
			buildSettings = {
				ASSETCATALOG_COMPILER_APPICON_NAME = AppIcon;
				ASSETCATALOG_COMPILER_GLOBAL_ACCENT_COLOR_NAME = AccentColor;
				CODE_SIGN_STYLE = Automatic;
				CURRENT_PROJECT_VERSION = 1;
				GENERATE_INFOPLIST_FILE = YES;
				INFOPLIST_FILE = EcommerceDemo/Info.plist;
				INFOPLIST_KEY_UIApplicationSupportsIndirectInputEvents = YES;
				INFOPLIST_KEY_UILaunchStoryboardName = LaunchScreen;
				INFOPLIST_KEY_UIMainStoryboardFile = Main;
				INFOPLIST_KEY_UISupportedInterfaceOrientations_iPad = "UIInterfaceOrientationPortrait UIInterfaceOrientationPortraitUpsideDown UIInterfaceOrientationLandscapeLeft UIInterfaceOrientationLandscapeRight";
				INFOPLIST_KEY_UISupportedInterfaceOrientations_iPhone = "UIInterfaceOrientationPortrait UIInterfaceOrientationLandscapeLeft UIInterfaceOrientationLandscapeRight";
				LD_RUNPATH_SEARCH_PATHS = (
					"$(inherited)",
					"@executable_path/Frameworks",
				);
				MARKETING_VERSION = 1.0;
				PRODUCT_BUNDLE_IDENTIFIER = com.test.EcommerceDemo;
				PRODUCT_NAME = "$(TARGET_NAME)";
				SWIFT_EMIT_LOC_STRINGS = YES;
				SWIFT_VERSION = 5.0;
				TARGETED_DEVICE_FAMILY = "1,2";
			};
			name = Debug;
		};
		D0A61C91274FAAC50049000D /* Release */ = {
			isa = XCBuildConfiguration;
			buildSettings = {
				ASSETCATALOG_COMPILER_APPICON_NAME = AppIcon;
				ASSETCATALOG_COMPILER_GLOBAL_ACCENT_COLOR_NAME = AccentColor;
				CODE_SIGN_STYLE = Automatic;
				CURRENT_PROJECT_VERSION = 1;
				GENERATE_INFOPLIST_FILE = YES;
				INFOPLIST_FILE = EcommerceDemo/Info.plist;
				INFOPLIST_KEY_UIApplicationSupportsIndirectInputEvents = YES;
				INFOPLIST_KEY_UILaunchStoryboardName = LaunchScreen;
				INFOPLIST_KEY_UIMainStoryboardFile = Main;
				INFOPLIST_KEY_UISupportedInterfaceOrientations_iPad = "UIInterfaceOrientationPortrait UIInterfaceOrientationPortraitUpsideDown UIInterfaceOrientationLandscapeLeft UIInterfaceOrientationLandscapeRight";
				INFOPLIST_KEY_UISupportedInterfaceOrientations_iPhone = "UIInterfaceOrientationPortrait UIInterfaceOrientationLandscapeLeft UIInterfaceOrientationLandscapeRight";
				LD_RUNPATH_SEARCH_PATHS = (
					"$(inherited)",
					"@executable_path/Frameworks",
				);
				MARKETING_VERSION = 1.0;
				PRODUCT_BUNDLE_IDENTIFIER = com.test.EcommerceDemo;
				PRODUCT_NAME = "$(TARGET_NAME)";
				SWIFT_EMIT_LOC_STRINGS = YES;
				SWIFT_VERSION = 5.0;
				TARGETED_DEVICE_FAMILY = "1,2";
			};
			name = Release;
		};
		D0A61C93274FAAC50049000D /* Debug */ = {
			isa = XCBuildConfiguration;
			buildSettings = {
				ALWAYS_EMBED_SWIFT_STANDARD_LIBRARIES = YES;
				BUNDLE_LOADER = "$(TEST_HOST)";
				CODE_SIGN_STYLE = Automatic;
				CURRENT_PROJECT_VERSION = 1;
				GENERATE_INFOPLIST_FILE = YES;
				IPHONEOS_DEPLOYMENT_TARGET = 15.0;
				LD_RUNPATH_SEARCH_PATHS = (
					"$(inherited)",
					"@executable_path/Frameworks",
					"@loader_path/Frameworks",
				);
				MARKETING_VERSION = 1.0;
				PRODUCT_BUNDLE_IDENTIFIER = com.test.EcommerceDemoTests;
				PRODUCT_NAME = "$(TARGET_NAME)";
				SWIFT_EMIT_LOC_STRINGS = NO;
				SWIFT_VERSION = 5.0;
				TARGETED_DEVICE_FAMILY = "1,2";
				TEST_HOST = "$(BUILT_PRODUCTS_DIR)/EcommerceDemo.app/EcommerceDemo";
			};
			name = Debug;
		};
		D0A61C94274FAAC50049000D /* Release */ = {
			isa = XCBuildConfiguration;
			buildSettings = {
				ALWAYS_EMBED_SWIFT_STANDARD_LIBRARIES = YES;
				BUNDLE_LOADER = "$(TEST_HOST)";
				CODE_SIGN_STYLE = Automatic;
				CURRENT_PROJECT_VERSION = 1;
				GENERATE_INFOPLIST_FILE = YES;
				IPHONEOS_DEPLOYMENT_TARGET = 15.0;
				LD_RUNPATH_SEARCH_PATHS = (
					"$(inherited)",
					"@executable_path/Frameworks",
					"@loader_path/Frameworks",
				);
				MARKETING_VERSION = 1.0;
				PRODUCT_BUNDLE_IDENTIFIER = com.test.EcommerceDemoTests;
				PRODUCT_NAME = "$(TARGET_NAME)";
				SWIFT_EMIT_LOC_STRINGS = NO;
				SWIFT_VERSION = 5.0;
				TARGETED_DEVICE_FAMILY = "1,2";
				TEST_HOST = "$(BUILT_PRODUCTS_DIR)/EcommerceDemo.app/EcommerceDemo";
			};
			name = Release;
		};
		D0A61C96274FAAC50049000D /* Debug */ = {
			isa = XCBuildConfiguration;
			buildSettings = {
				ALWAYS_EMBED_SWIFT_STANDARD_LIBRARIES = YES;
				CODE_SIGN_STYLE = Automatic;
				CURRENT_PROJECT_VERSION = 1;
				GENERATE_INFOPLIST_FILE = YES;
				LD_RUNPATH_SEARCH_PATHS = (
					"$(inherited)",
					"@executable_path/Frameworks",
					"@loader_path/Frameworks",
				);
				MARKETING_VERSION = 1.0;
				PRODUCT_BUNDLE_IDENTIFIER = com.test.EcommerceDemoUITests;
				PRODUCT_NAME = "$(TARGET_NAME)";
				SWIFT_EMIT_LOC_STRINGS = NO;
				SWIFT_VERSION = 5.0;
				TARGETED_DEVICE_FAMILY = "1,2";
				TEST_TARGET_NAME = EcommerceDemo;
			};
			name = Debug;
		};
		D0A61C97274FAAC50049000D /* Release */ = {
			isa = XCBuildConfiguration;
			buildSettings = {
				ALWAYS_EMBED_SWIFT_STANDARD_LIBRARIES = YES;
				CODE_SIGN_STYLE = Automatic;
				CURRENT_PROJECT_VERSION = 1;
				GENERATE_INFOPLIST_FILE = YES;
				LD_RUNPATH_SEARCH_PATHS = (
					"$(inherited)",
					"@executable_path/Frameworks",
					"@loader_path/Frameworks",
				);
				MARKETING_VERSION = 1.0;
				PRODUCT_BUNDLE_IDENTIFIER = com.test.EcommerceDemoUITests;
				PRODUCT_NAME = "$(TARGET_NAME)";
				SWIFT_EMIT_LOC_STRINGS = NO;
				SWIFT_VERSION = 5.0;
				TARGETED_DEVICE_FAMILY = "1,2";
				TEST_TARGET_NAME = EcommerceDemo;
			};
			name = Release;
		};
/* End XCBuildConfiguration section */

/* Begin XCConfigurationList section */
		D0A61C60274FAAC30049000D /* Build configuration list for PBXProject "EcommerceDemo" */ = {
			isa = XCConfigurationList;
			buildConfigurations = (
				D0A61C8D274FAAC50049000D /* Debug */,
				D0A61C8E274FAAC50049000D /* Release */,
			);
			defaultConfigurationIsVisible = 0;
			defaultConfigurationName = Release;
		};
		D0A61C8F274FAAC50049000D /* Build configuration list for PBXNativeTarget "EcommerceDemo" */ = {
			isa = XCConfigurationList;
			buildConfigurations = (
				D0A61C90274FAAC50049000D /* Debug */,
				D0A61C91274FAAC50049000D /* Release */,
			);
			defaultConfigurationIsVisible = 0;
			defaultConfigurationName = Release;
		};
		D0A61C92274FAAC50049000D /* Build configuration list for PBXNativeTarget "EcommerceDemoTests" */ = {
			isa = XCConfigurationList;
			buildConfigurations = (
				D0A61C93274FAAC50049000D /* Debug */,
				D0A61C94274FAAC50049000D /* Release */,
			);
			defaultConfigurationIsVisible = 0;
			defaultConfigurationName = Release;
		};
		D0A61C95274FAAC50049000D /* Build configuration list for PBXNativeTarget "EcommerceDemoUITests" */ = {
			isa = XCConfigurationList;
			buildConfigurations = (
				D0A61C96274FAAC50049000D /* Debug */,
				D0A61C97274FAAC50049000D /* Release */,
			);
			defaultConfigurationIsVisible = 0;
			defaultConfigurationName = Release;
		};
/* End XCConfigurationList section */

/* Begin XCVersionGroup section */
		D0E99C8F279343D5004E5ED3 /* DataModel.xcdatamodeld */ = {
			isa = XCVersionGroup;
			children = (
				D0E99C90279343D5004E5ED3 /* Model.xcdatamodel */,
			);
			currentVersion = D0E99C90279343D5004E5ED3 /* Model.xcdatamodel */;
			path = DataModel.xcdatamodeld;
			sourceTree = "<group>";
			versionGroupType = wrapper.xcdatamodel;
		};
/* End XCVersionGroup section */
	};
	rootObject = D0A61C5D274FAAC30049000D /* Project object */;
}
